
Microsoft Visual Studio Solution File, Format Version 12.00
# Visual Studio Version 17
VisualStudioVersion = 17.10.34928.147
MinimumVisualStudioVersion = 10.0.40219.1
Project("{9A19103F-16F7-4668-BE54-9A1E7A4F7556}") = "ShowExchangeRateBot", "TelegramBot\ShowExchangeRateBot.csproj", "{EA71B957-AA0A-4866-9F3F-803FA9CD3CAA}"
EndProject
Project("{FAE04EC0-301F-11D3-BF4B-00C04F79EFBC}") = "ShowExchangeRateBot.Test", "ShowExchangeRateBot.Test\ShowExchangeRateBot.Test.csproj", "{A4DB6D3E-A062-4D88-988C-3481478B58D4}"
EndProject
Global
	GlobalSection(SolutionConfigurationPlatforms) = preSolution
		Debug|Any CPU = Debug|Any CPU
		Release|Any CPU = Release|Any CPU
	EndGlobalSection
	GlobalSection(ProjectConfigurationPlatforms) = postSolution
		{EA71B957-AA0A-4866-9F3F-803FA9CD3CAA}.Debug|Any CPU.ActiveCfg = Debug|Any CPU
		{EA71B957-AA0A-4866-9F3F-803FA9CD3CAA}.Debug|Any CPU.Build.0 = Debug|Any CPU
		{EA71B957-AA0A-4866-9F3F-803FA9CD3CAA}.Release|Any CPU.ActiveCfg = Release|Any CPU
		{EA71B957-AA0A-4866-9F3F-803FA9CD3CAA}.Release|Any CPU.Build.0 = Release|Any CPU
		{A4DB6D3E-A062-4D88-988C-3481478B58D4}.Debug|Any CPU.ActiveCfg = Debug|Any CPU
		{A4DB6D3E-A062-4D88-988C-3481478B58D4}.Debug|Any CPU.Build.0 = Debug|Any CPU
		{A4DB6D3E-A062-4D88-988C-3481478B58D4}.Release|Any CPU.ActiveCfg = Release|Any CPU
		{A4DB6D3E-A062-4D88-988C-3481478B58D4}.Release|Any CPU.Build.0 = Release|Any CPU
	EndGlobalSection
	GlobalSection(SolutionProperties) = preSolution
		HideSolutionNode = FALSE
	EndGlobalSection
	GlobalSection(ExtensibilityGlobals) = postSolution
		SolutionGuid = {469ED154-A5A7-4202-898E-2C7852BF879A}
	EndGlobalSection
EndGlobal
